Microsoft Visual Studio Solution File, Format Version 12.00
# Visual Studio 2012
Project("{FAE04EC0-301F-11D3-BF4B-00C04F79EFBC}") = "radar_2d", "radar_2d.csproj", "{53B12E4D-67D9-43A5-AE5B-A910CA40BF68}"
EndProject
Global
	GlobalSection(SolutionConfigurationPlatforms) = preSolution
	Debug|Any CPU = Debug|Any CPU
	ExportDebug|Any CPU = ExportDebug|Any CPU
	ExportRelease|Any CPU = ExportRelease|Any CPU
	EndGlobalSection
	GlobalSection(ProjectConfigurationPlatforms) = postSolution
		{53B12E4D-67D9-43A5-AE5B-A910CA40BF68}.Debug|Any CPU.ActiveCfg = Debug|Any CPU
		{53B12E4D-67D9-43A5-AE5B-A910CA40BF68}.Debug|Any CPU.Build.0 = Debug|Any CPU
		{53B12E4D-67D9-43A5-AE5B-A910CA40BF68}.ExportDebug|Any CPU.ActiveCfg = ExportDebug|Any CPU
		{53B12E4D-67D9-43A5-AE5B-A910CA40BF68}.ExportDebug|Any CPU.Build.0 = ExportDebug|Any CPU
		{53B12E4D-67D9-43A5-AE5B-A910CA40BF68}.ExportRelease|Any CPU.ActiveCfg = ExportRelease|Any CPU
		{53B12E4D-67D9-43A5-AE5B-A910CA40BF68}.ExportRelease|Any CPU.Build.0 = ExportRelease|Any CPU
	EndGlobalSection
EndGlobal
